{
    "_readme": [
        "This file locks the dependencies of your project to a known state",
        "Read more about it at https://getcomposer.org/doc/01-basic-usage.md#composer-lock-the-lock-file",
        "This file is @generated automatically"
    ],
    "content-hash": "e719d050cd8020b9476108194ad6e140",
    "packages": [
        {
            "name": "iszorpal/password-hashing",
            "version": "v1.0.0",
            "source": {
                "type": "git",
                "url": "https://github.com/iszorpal/password-hashing.git",
                "reference": "7b10bd584ee2d57dc1256f95559dd0b69c1b5730"
            },
            "dist": {
                "type": "zip",
                "url": "https://api.github.com/repos/iszorpal/password-hashing/zipball/7b10bd584ee2d57dc1256f95559dd0b69c1b5730",
                "reference": "7b10bd584ee2d57dc1256f95559dd0b69c1b5730",
                "shasum": ""
            },
            "require": {
                "php": ">=7.2",
                "symfony/options-resolver": "^4.2"
            },
            "require-dev": {
                "phpunit/phpunit": "^7.5"
            },
            "type": "library",
            "autoload": {
                "psr-4": {
                    "Viper\\": "./src"
                },
                "files": [
                    "./bootstrap.php"
                ]
            },
            "notification-url": "https://packagist.org/downloads/",
            "license": [
                "MIT"
            ],
            "description": "Basic password hashing with PHP.",
            "time": "2018-12-18T04:21:43+00:00"
        },
        {
            "name": "symfony/options-resolver",
            "version": "v4.2.1",
            "source": {
                "type": "git",
                "url": "https://github.com/symfony/options-resolver.git",
                "reference": "a9c38e8a3da2c03b3e71fdffa6efb0bda51390ba"
            },
            "dist": {
                "type": "zip",
                "url": "https://api.github.com/repos/symfony/options-resolver/zipball/a9c38e8a3da2c03b3e71fdffa6efb0bda51390ba",
                "reference": "a9c38e8a3da2c03b3e71fdffa6efb0bda51390ba",
                "shasum": ""
            },
            "require": {
                "php": "^7.1.3"
            },
            "type": "library",
            "extra": {
                "branch-alias": {
                    "dev-master": "4.2-dev"
                }
            },
            "autoload": {
                "psr-4": {
                    "Symfony\\Component\\OptionsResolver\\": ""
                },
                "exclude-from-classmap": [
                    "/Tests/"
                ]
            },
            "notification-url": "https://packagist.org/downloads/",
            "license": [
                "MIT"
            ],
            "authors": [
                {
                    "name": "Fabien Potencier",
                    "email": "fabien@symfony.com"
                },
                {
                    "name": "Symfony Community",
                    "homepage": "https://symfony.com/contributors"
                }
            ],
            "description": "Symfony OptionsResolver Component",
            "homepage": "https://symfony.com",
            "keywords": [
                "config",
                "configuration",
                "options"
            ],
            "time": "2018-11-11T19:52:12+00:00"
        }
    ],
    "packages-dev": [],
    "aliases": [],
    "minimum-stability": "stable",
    "stability-flags": [],
    "prefer-stable": false,
    "prefer-lowest": false,
    "platform": [],
    "platform-dev": []
}
